# This file is automatically @generated by Cargo.
# It is not intended for manual editing.
version = 4

[[package]]
name = "base64"
version = "0.22.1"
source = "registry+https://github.com/rust-lang/crates.io-index"
checksum = "72b3254f16251a8381aa12e40e3c4d2f0199f8c6508fbecb9d91f575e0fbb8c6"

[[package]]
name = "boost_algorithm"
version = "0.1.0"
source = "registry+https://github.com/rust-lang/crates.io-index"
checksum = "e32a0f64f8f4277b925ae3baaa3e51a366c94c7ba716b2640fa2cd269829120b"
dependencies = [
 "boost_array",
 "boost_assert",
 "boost_bind",
 "boost_concept_check",
 "boost_config",
 "boost_core",
 "boost_exception",
 "boost_function",
 "boost_iterator",
 "boost_mpl",
 "boost_range",
 "boost_regex",
 "boost_static_assert",
 "boost_throw_exception",
 "boost_tuple",
 "boost_type_traits",
 "boost_unordered",
 "zanbil-boost-build",
]

[[package]]
name = "boost_align"
version = "0.1.0"
source = "registry+https://github.com/rust-lang/crates.io-index"
checksum = "0a749a77f5bd11c8a89ba61337bf827a83bfb0136847f1a1058761910d0e20f8"
dependencies = [
 "boost_assert",
 "boost_config",
 "boost_core",
 "boost_static_assert",
 "zanbil-boost-build",
]

[[package]]
name = "boost_array"
version = "0.1.0"
source = "registry+https://github.com/rust-lang/crates.io-index"
checksum = "229c8048da615c66e798d2d89a0c500a909f455175b8950202a936806c854725"
dependencies = [
 "boost_assert",
 "boost_config",
 "boost_static_assert",
 "boost_throw_exception",
 "zanbil-boost-build",
]

[[package]]
name = "boost_assert"
version = "0.1.0"
source = "registry+https://github.com/rust-lang/crates.io-index"
checksum = "e21d370f5f71199bb7094e72d9e8a6cd9d2f41c41431d94100513b3f27107cb9"
dependencies = [
 "zanbil-boost-build",
]

[[package]]
name = "boost_atomic"
version = "0.1.0"
source = "registry+https://github.com/rust-lang/crates.io-index"
checksum = "477fd144463e03caeed2a5ac93dc5e46450994316e0b6ffe7c5e0cb283d552df"
dependencies = [
 "boost_align",
 "boost_assert",
 "boost_config",
 "boost_predef",
 "boost_preprocessor",
 "boost_type_traits",
 "boost_winapi",
 "zanbil-boost-build",
]

[[package]]
name = "boost_bind"
version = "0.1.0"
source = "registry+https://github.com/rust-lang/crates.io-index"
checksum = "0ab65553e5fea17670f464398d05ef88eb8d65bda9f8b69d1c2dc8dc0c33e98b"
dependencies = [
 "boost_config",
 "boost_core",
 "zanbil-boost-build",
]

[[package]]
name = "boost_chrono"
version = "0.1.0"
source = "registry+https://github.com/rust-lang/crates.io-index"
checksum = "f917d7ca3fea6988c1032a419135b167f50a48f9903988908abfd7d18a9d457f"
dependencies = [
 "boost_assert",
 "boost_config",
 "boost_core",
 "boost_integer",
 "boost_move",
 "boost_mpl",
 "boost_predef",
 "boost_ratio",
 "boost_static_assert",
 "boost_system",
 "boost_throw_exception",
 "boost_type_traits",
 "boost_typeof",
 "boost_utility",
 "boost_winapi",
 "zanbil-boost-build",
]

[[package]]
name = "boost_concept_check"
version = "0.1.0"
source = "registry+https://github.com/rust-lang/crates.io-index"
checksum = "fc26ccf896f332b5c6d8e1c21a892236bb3a51316c897713fde849d757e98202"
dependencies = [
 "boost_config",
 "boost_preprocessor",
 "boost_static_assert",
 "boost_type_traits",
 "zanbil-boost-build",
]

[[package]]
name = "boost_config"
version = "0.1.0"
source = "registry+https://github.com/rust-lang/crates.io-index"
checksum = "5676e6385403a54208a0e60d1a60b4c58973deef45cb7d0338e9d5f47e8d7f86"
dependencies = [
 "zanbil-boost-build",
]

[[package]]
name = "boost_container"
version = "0.1.0"
source = "registry+https://github.com/rust-lang/crates.io-index"
checksum = "68061615dbac01fa170de8f4a43b16c95aef797c9cae18295ae0ef5cf3d1e0df"
dependencies = [
 "boost_assert",
 "boost_config",
 "boost_intrusive",
 "boost_move",
 "zanbil-boost-build",
]

[[package]]
name = "boost_container_hash"
version = "0.1.0"
source = "registry+https://github.com/rust-lang/crates.io-index"
checksum = "f6b524909fec6adb9464b7363a5b360778edd43d189dbef245b00e76d861b1ad"
dependencies = [
 "boost_config",
 "boost_describe",
 "boost_mp11",
 "zanbil-boost-build",
]

[[package]]
name = "boost_conversion"
version = "0.1.0"
source = "registry+https://github.com/rust-lang/crates.io-index"
checksum = "92d537522781c7632137eaab1c9bc6340b762cfe9b4600a0d536247362e19f39"
dependencies = [
 "boost_assert",
 "boost_config",
 "boost_smart_ptr",
 "boost_throw_exception",
 "zanbil-boost-build",
]

[[package]]
name = "boost_core"
version = "0.1.0"
source = "registry+https://github.com/rust-lang/crates.io-index"
checksum = "90ca1dd54d9d89d9bf6be1fd2d723b47f031c8a3e8d518eff33a66a7346b672b"
dependencies = [
 "boost_assert",
 "boost_config",
 "boost_static_assert",
 "boost_throw_exception",
 "zanbil-boost-build",
]

[[package]]
name = "boost_date_time"
version = "0.1.0"
source = "registry+https://github.com/rust-lang/crates.io-index"
checksum = "fdcae946233789a0864c308884b0ad9ecebd4f6575b5c957e67a5750630989a3"
dependencies = [
 "boost_algorithm",
 "boost_assert",
 "boost_config",
 "boost_core",
 "boost_io",
 "boost_lexical_cast",
 "boost_numeric_conversion",
 "boost_range",
 "boost_smart_ptr",
 "boost_static_assert",
 "boost_throw_exception",
 "boost_tokenizer",
 "boost_type_traits",
 "boost_utility",
 "boost_winapi",
 "zanbil-boost-build",
]

[[package]]
name = "boost_describe"
version = "0.1.0"
source = "registry+https://github.com/rust-lang/crates.io-index"
checksum = "2c1569db2fcecaa1ca467c2702fd81199f2c7ee74f023fca54cf34e9d90f04d9"
dependencies = [
 "zanbil-boost-build",
]

[[package]]
name = "boost_detail"
version = "0.1.0"
source = "registry+https://github.com/rust-lang/crates.io-index"
checksum = "88857c4fe565e1334779a2b8cb3c684f46e5e662d108253834490f177c269811"
dependencies = [
 "boost_config",
 "boost_core",
 "boost_preprocessor",
 "boost_static_assert",
 "boost_type_traits",
 "zanbil-boost-build",
]

[[package]]
name = "boost_endian"
version = "0.1.0"
source = "registry+https://github.com/rust-lang/crates.io-index"
checksum = "f0e023a6cc290e74d7f56891a0b552eb48c4dd88060fb8a9c2d939934f58d9a3"
dependencies = [
 "zanbil-boost-build",
]

[[package]]
name = "boost_exception"
version = "0.1.0"
source = "registry+https://github.com/rust-lang/crates.io-index"
checksum = "241a8c2fda0d6007e29014d58cd9518f35345cf12305a96850faec9334498e91"
dependencies = [
 "boost_assert",
 "boost_config",
 "boost_core",
 "boost_smart_ptr",
 "boost_throw_exception",
 "boost_tuple",
 "boost_type_traits",
 "zanbil-boost-build",
]

[[package]]
name = "boost_function"
version = "0.1.0"
source = "registry+https://github.com/rust-lang/crates.io-index"
checksum = "288dcbecb706fce864a69c577c51f379365377ac1524f6eb200e8e1967352a63"
dependencies = [
 "boost_assert",
 "boost_bind",
 "boost_config",
 "boost_core",
 "boost_throw_exception",
 "zanbil-boost-build",
]

[[package]]
name = "boost_function_types"
version = "0.1.0"
source = "registry+https://github.com/rust-lang/crates.io-index"
checksum = "b41910c0eae6608614d30130d7768e1f3fabad067d798d16b0866b011685f34f"
dependencies = [
 "boost_config",
 "boost_core",
 "boost_detail",
 "boost_mpl",
 "boost_preprocessor",
 "boost_type_traits",
 "zanbil-boost-build",
]

[[package]]
name = "boost_functional"
version = "0.1.0"
source = "registry+https://github.com/rust-lang/crates.io-index"
checksum = "f2661a3786587a92931e917a830d31a35c58326bdb867931485e5cfb33f468d4"
dependencies = [
 "boost_config",
 "boost_core",
 "boost_function",
 "boost_function_types",
 "boost_mpl",
 "boost_preprocessor",
 "boost_type_traits",
 "boost_typeof",
 "boost_utility",
 "zanbil-boost-build",
]

[[package]]
name = "boost_fusion"
version = "0.1.0"
source = "registry+https://github.com/rust-lang/crates.io-index"
checksum = "2c1992a80350bb20c3f00d818f1e143434526314ea89ed199821e912b0368226"
dependencies = [
 "boost_config",
 "boost_container_hash",
 "boost_core",
 "boost_function_types",
 "boost_functional",
 "boost_mpl",
 "boost_preprocessor",
 "boost_static_assert",
 "boost_tuple",
 "boost_type_traits",
 "boost_typeof",
 "boost_utility",
 "zanbil-boost-build",
]

[[package]]
name = "boost_integer"
version = "0.1.0"
source = "registry+https://github.com/rust-lang/crates.io-index"
checksum = "07d9b0205d801db75a6947f0595e01175bba0e50510d8411d61c3973070448db"
dependencies = [
 "boost_assert",
 "boost_config",
 "boost_core",
 "boost_static_assert",
 "boost_throw_exception",
 "boost_type_traits",
 "zanbil-boost-build",
]

[[package]]
name = "boost_intrusive"
version = "0.1.0"
source = "registry+https://github.com/rust-lang/crates.io-index"
checksum = "b844ced76c0cecc680a0735fbc6fa8dfd0f69e7ed8ce550ea4db551d7ed7974d"
dependencies = [
 "boost_assert",
 "boost_config",
 "boost_move",
 "zanbil-boost-build",
]

[[package]]
name = "boost_io"
version = "0.1.0"
source = "registry+https://github.com/rust-lang/crates.io-index"
checksum = "198cc037213611bad5b9170404fd6b3d7b108ee12289ca756b393d4794f83d51"
dependencies = [
 "zanbil-boost-build",
]

[[package]]
name = "boost_iterator"
version = "0.1.0"
source = "registry+https://github.com/rust-lang/crates.io-index"
checksum = "565abb4092287a60cd2b9b1aa9852ac27f5a5c04634918073358c3701783088e"
dependencies = [
 "boost_concept_check",
 "boost_config",
 "boost_core",
 "boost_detail",
 "boost_fusion",
 "boost_mp11",
 "boost_mpl",
 "boost_optional",
 "boost_type_traits",
 "boost_utility",
 "zanbil-boost-build",
]

[[package]]
name = "boost_lexical_cast"
version = "0.1.0"
source = "registry+https://github.com/rust-lang/crates.io-index"
checksum = "0dc1018b38775d463ca90a1410e92d1aa6fb346acb6d31d1383341df0a68f158"
dependencies = [
 "boost_config",
 "boost_container",
 "boost_core",
 "boost_throw_exception",
 "boost_type_traits",
 "zanbil-boost-build",
]

[[package]]
name = "boost_move"
version = "0.1.0"
source = "registry+https://github.com/rust-lang/crates.io-index"
checksum = "f6639b6d861f0118dd7f939be5ff5bc01bfe3d315a212677b49911b0e9a8000d"
dependencies = [
 "zanbil-boost-build",
]

[[package]]
name = "boost_mp11"
version = "0.1.0"
source = "registry+https://github.com/rust-lang/crates.io-index"
checksum = "45b894434e2126a6138b8d51e0c0ae8b5c77c370aadeb07371bb2b91d8a68bad"
dependencies = [
 "zanbil-boost-build",
]

[[package]]
name = "boost_mpl"
version = "0.1.0"
source = "registry+https://github.com/rust-lang/crates.io-index"
checksum = "fa8368c82fd254ad76ccf5063d6dc436d572c8f0510a42add97cf36f66ba81cc"
dependencies = [
 "boost_config",
 "boost_core",
 "boost_predef",
 "boost_preprocessor",
 "boost_static_assert",
 "boost_type_traits",
 "boost_utility",
 "zanbil-boost-build",
]

[[package]]
name = "boost_numeric_conversion"
version = "0.1.0"
source = "registry+https://github.com/rust-lang/crates.io-index"
checksum = "6671c40eafed801aacf94d503b71a1f247b69d6a9528685d29e9f85281126424"
dependencies = [
 "boost_config",
 "boost_conversion",
 "boost_core",
 "boost_mpl",
 "boost_preprocessor",
 "boost_throw_exception",
 "boost_type_traits",
 "zanbil-boost-build",
]

[[package]]
name = "boost_optional"
version = "0.1.0"
source = "registry+https://github.com/rust-lang/crates.io-index"
checksum = "27bc3c549ed1ea3e048c9329a141aa265d51d1499471de49b6b61ef03412f9a5"
dependencies = [
 "boost_assert",
 "boost_config",
 "boost_core",
 "boost_throw_exception",
 "boost_type_traits",
 "zanbil-boost-build",
]

[[package]]
name = "boost_phoenix"
version = "0.1.0"
source = "registry+https://github.com/rust-lang/crates.io-index"
checksum = "73859b69accadbdef8d023e354ed88b9d4ce3a96398890cef3d7200f6d0d208e"
dependencies = [
 "boost_assert",
 "boost_bind",
 "boost_config",
 "boost_core",
 "boost_function",
 "boost_fusion",
 "boost_mpl",
 "boost_predef",
 "boost_preprocessor",
 "boost_proto",
 "boost_range",
 "boost_smart_ptr",
 "boost_type_traits",
 "boost_utility",
 "zanbil-boost-build",
]

[[package]]
name = "boost_pool"
version = "0.1.0"
source = "registry+https://github.com/rust-lang/crates.io-index"
checksum = "3784342cd1e437e7c01930aaf2edc0020a2fdb565eb784f5e329bd090313e798"
dependencies = [
 "boost_assert",
 "boost_config",
 "boost_integer",
 "boost_throw_exception",
 "boost_type_traits",
 "boost_winapi",
 "zanbil-boost-build",
]

[[package]]
name = "boost_predef"
version = "0.1.0"
source = "registry+https://github.com/rust-lang/crates.io-index"
checksum = "504e96264eb42594a6d4e68a63f04ca5b77d2a414e9d768ae79d8b803516f98e"
dependencies = [
 "zanbil-boost-build",
]

[[package]]
name = "boost_preprocessor"
version = "0.1.0"
source = "registry+https://github.com/rust-lang/crates.io-index"
checksum = "d1bba9d01dcb69716667ee43ceb08a85d2cbfbcc6cd20e3484a99d7ff0103ed8"
dependencies = [
 "zanbil-boost-build",
]

[[package]]
name = "boost_proto"
version = "0.1.0"
source = "registry+https://github.com/rust-lang/crates.io-index"
checksum = "e879d9e585fdf6a48812ad25daa14e5b392e37ba09fed43cc5ffbda2965a4c49"
dependencies = [
 "boost_config",
 "boost_core",
 "boost_fusion",
 "boost_mpl",
 "boost_preprocessor",
 "boost_range",
 "boost_static_assert",
 "boost_type_traits",
 "boost_typeof",
 "boost_utility",
 "zanbil-boost-build",
]

[[package]]
name = "boost_range"
version = "0.1.0"
source = "registry+https://github.com/rust-lang/crates.io-index"
checksum = "c26908d9e4a00f5acc684f26dc7a4eaea86740f3c63f055d0ea470aaf6228e72"
dependencies = [
 "boost_array",
 "boost_assert",
 "boost_concept_check",
 "boost_config",
 "boost_container_hash",
 "boost_conversion",
 "boost_core",
 "boost_detail",
 "boost_iterator",
 "boost_mpl",
 "boost_optional",
 "boost_preprocessor",
 "boost_regex",
 "boost_static_assert",
 "boost_tuple",
 "boost_type_traits",
 "boost_utility",
 "zanbil-boost-build",
]

[[package]]
name = "boost_ratio"
version = "0.1.0"
source = "registry+https://github.com/rust-lang/crates.io-index"
checksum = "7c4e2bf928f47cb685dcd60b9f2e73df5ed957cbe610e84fca91e0950659921f"
dependencies = [
 "zanbil-boost-build",
]

[[package]]
name = "boost_regex"
version = "0.1.0"
source = "registry+https://github.com/rust-lang/crates.io-index"
checksum = "e76f7d28af5484941d520e7b82e089ba563f2112090804adae87a5a89df66ec0"
dependencies = [
 "boost_assert",
 "boost_concept_check",
 "boost_config",
 "boost_core",
 "boost_predef",
 "boost_static_assert",
 "boost_throw_exception",
 "boost_type_traits",
 "zanbil-boost-build",
]

[[package]]
name = "boost_smart_ptr"
version = "0.1.0"
source = "registry+https://github.com/rust-lang/crates.io-index"
checksum = "a3ba7a92144ef40c7173d3e5ebd7ef944e512c736a834ce480ed1bc9357561bb"
dependencies = [
 "boost_assert",
 "boost_config",
 "boost_core",
 "boost_throw_exception",
 "zanbil-boost-build",
]

[[package]]
name = "boost_spirit"
version = "0.1.0"
source = "registry+https://github.com/rust-lang/crates.io-index"
checksum = "d2e83a36f02b83bb6bb4ba7d9bb7e92e4f947dafab835a1f0e09c9e24ad3b269"
dependencies = [
 "boost_array",
 "boost_assert",
 "boost_config",
 "boost_core",
 "boost_endian",
 "boost_function",
 "boost_function_types",
 "boost_fusion",
 "boost_integer",
 "boost_io",
 "boost_iterator",
 "boost_move",
 "boost_mpl",
 "boost_optional",
 "boost_phoenix",
 "boost_pool",
 "boost_preprocessor",
 "boost_proto",
 "boost_range",
 "boost_regex",
 "boost_smart_ptr",
 "boost_static_assert",
 "boost_thread",
 "boost_throw_exception",
 "boost_type_traits",
 "boost_typeof",
 "boost_unordered",
 "boost_utility",
 "boost_variant",
 "zanbil-boost-build",
]

[[package]]
name = "boost_static_assert"
version = "0.1.0"
source = "registry+https://github.com/rust-lang/crates.io-index"
checksum = "ca4331f06aa2b7ff876a24d3b5ddd4d0592f79c9e5f3b662720cf0053b61616b"
dependencies = [
 "zanbil-boost-build",
]

[[package]]
name = "boost_system"
version = "0.1.0"
source = "registry+https://github.com/rust-lang/crates.io-index"
checksum = "53bdc8a9a8e3c470ac7ab8167daddfcb7213b15c4cb74c36480014248aa4b6c1"
dependencies = [
 "boost_assert",
 "boost_config",
 "boost_throw_exception",
 "boost_variant2",
 "boost_winapi",
 "zanbil-boost-build",
]

[[package]]
name = "boost_thread"
version = "0.1.0"
source = "registry+https://github.com/rust-lang/crates.io-index"
checksum = "eaaf415575d4d7cde513aef4fd37221d9b74535c5a11aa1f4e94b14fd03309c1"
dependencies = [
 "boost_assert",
 "boost_atomic",
 "boost_bind",
 "boost_chrono",
 "boost_concept_check",
 "boost_config",
 "boost_container",
 "boost_container_hash",
 "boost_core",
 "boost_date_time",
 "boost_exception",
 "boost_function",
 "boost_io",
 "boost_move",
 "boost_optional",
 "boost_predef",
 "boost_preprocessor",
 "boost_smart_ptr",
 "boost_static_assert",
 "boost_system",
 "boost_throw_exception",
 "boost_tuple",
 "boost_type_traits",
 "boost_utility",
 "boost_winapi",
 "zanbil-boost-build",
]

[[package]]
name = "boost_throw_exception"
version = "0.1.0"
source = "registry+https://github.com/rust-lang/crates.io-index"
checksum = "13d42ab4d4f92cc56d158ca16b62bed52e915e9446ee22afb98090337d85823b"
dependencies = [
 "boost_assert",
 "boost_config",
 "zanbil-boost-build",
]

[[package]]
name = "boost_tokenizer"
version = "0.1.0"
source = "registry+https://github.com/rust-lang/crates.io-index"
checksum = "66d9b31abd352bd050d721341b087a71e787aba1c09cd7c0c2dbdad2b418b8c6"
dependencies = [
 "boost_assert",
 "boost_config",
 "boost_iterator",
 "boost_throw_exception",
 "boost_type_traits",
 "zanbil-boost-build",
]

[[package]]
name = "boost_tuple"
version = "0.1.0"
source = "registry+https://github.com/rust-lang/crates.io-index"
checksum = "c69cb46904a8dadc8f0dd3673d24366968485800d05d1d24f759ea27f6711afc"
dependencies = [
 "boost_config",
 "boost_core",
 "boost_static_assert",
 "boost_type_traits",
 "zanbil-boost-build",
]

[[package]]
name = "boost_type_index"
version = "0.1.0"
source = "registry+https://github.com/rust-lang/crates.io-index"
checksum = "705e4cfe50ed88f4d848f7a016189d52977da6e4c1375974a5e1fdebcad69d99"
dependencies = [
 "boost_config",
 "boost_container_hash",
 "boost_core",
 "boost_throw_exception",
 "zanbil-boost-build",
]

[[package]]
name = "boost_type_traits"
version = "0.1.0"
source = "registry+https://github.com/rust-lang/crates.io-index"
checksum = "cd75338d656cb3d3a79719b8a4c84458c9e490324aff6194052527d959343897"
dependencies = [
 "boost_config",
 "boost_static_assert",
 "zanbil-boost-build",
]

[[package]]
name = "boost_typeof"
version = "0.1.0"
source = "registry+https://github.com/rust-lang/crates.io-index"
checksum = "8b47c77c29205e4af63fc864a24b77a66de97d31041ac63ef3d455ee852221e7"
dependencies = [
 "zanbil-boost-build",
]

[[package]]
name = "boost_unordered"
version = "0.1.0"
source = "registry+https://github.com/rust-lang/crates.io-index"
checksum = "c31f66461476cbafbe439d508636df1b0caec9c7f40bc1dfd513f978635d7d21"
dependencies = [
 "boost_assert",
 "boost_config",
 "boost_container_hash",
 "boost_core",
 "boost_mp11",
 "boost_predef",
 "boost_throw_exception",
 "zanbil-boost-build",
]

[[package]]
name = "boost_utility"
version = "0.1.0"
source = "registry+https://github.com/rust-lang/crates.io-index"
checksum = "7acc967f95aa3e80d592fd40b5844ef11ee6e96cb0d1eb6aa5001112bf3d66c6"
dependencies = [
 "boost_assert",
 "boost_config",
 "boost_core",
 "boost_io",
 "boost_preprocessor",
 "boost_throw_exception",
 "boost_type_traits",
 "zanbil-boost-build",
]

[[package]]
name = "boost_variant"
version = "0.1.0"
source = "registry+https://github.com/rust-lang/crates.io-index"
checksum = "4967112e1eaaa7746886d1c696ced4e47298a3d3beccd3323078cfaee63ecd97"
dependencies = [
 "boost_assert",
 "boost_config",
 "boost_container_hash",
 "boost_core",
 "boost_detail",
 "boost_integer",
 "boost_mpl",
 "boost_preprocessor",
 "boost_static_assert",
 "boost_throw_exception",
 "boost_type_index",
 "boost_type_traits",
 "boost_utility",
 "zanbil-boost-build",
]

[[package]]
name = "boost_variant2"
version = "0.1.0"
source = "registry+https://github.com/rust-lang/crates.io-index"
checksum = "68f0174f2296b8a323ab6dff22816d6ffa411ad7d101dcb0a96cbf7ba7efb798"
dependencies = [
 "boost_assert",
 "boost_config",
 "boost_mp11",
 "zanbil-boost-build",
]

[[package]]
name = "boost_winapi"
version = "0.1.0"
source = "registry+https://github.com/rust-lang/crates.io-index"
checksum = "5e9d1caf60a89e433a35c9d8b3c7ba58a56a75857835d22cd855a586319ccbdc"
dependencies = [
 "boost_config",
 "boost_predef",
 "zanbil-boost-build",
]

[[package]]
name = "build-rs"
version = "0.3.1"
source = "registry+https://github.com/rust-lang/crates.io-index"
checksum = "d0466bb4013e90b22fb8e17e5e1717c49b8049aa46dc1692e3f74659d181c8b4"
dependencies = [
 "unicode-ident",
]

[[package]]
name = "cc"
version = "1.2.34"
source = "registry+https://github.com/rust-lang/crates.io-index"
checksum = "42bc4aea80032b7bf409b0bc7ccad88853858911b7713a8062fdc0623867bedc"
dependencies = [
 "shlex",
]

[[package]]
name = "equivalent"
version = "1.0.2"
source = "registry+https://github.com/rust-lang/crates.io-index"
checksum = "877a4ace8713b0bcf2a4e7eec82529c029f1d0619886d18145fea96c3ffe5c0f"

[[package]]
name = "fs_extra"
version = "1.3.0"
source = "registry+https://github.com/rust-lang/crates.io-index"
checksum = "42703706b716c37f96a77aea830392ad231f44c9e9a67872fa5548707e11b11c"

[[package]]
name = "hashbrown"
version = "0.15.5"
source = "registry+https://github.com/rust-lang/crates.io-index"
checksum = "9229cfe53dfd69f0609a49f65461bd93001ea1ef889cd5529dd176593f5338a1"

[[package]]
name = "indexmap"
version = "2.11.0"
source = "registry+https://github.com/rust-lang/crates.io-index"
checksum = "f2481980430f9f78649238835720ddccc57e52df14ffce1c6f37391d61b563e9"
dependencies = [
 "equivalent",
 "hashbrown",
]

[[package]]
name = "proc-macro2"
version = "1.0.101"
source = "registry+https://github.com/rust-lang/crates.io-index"
checksum = "89ae43fd86e4158d6db51ad8e2b80f313af9cc74f5c0e03ccb87de09998732de"
dependencies = [
 "unicode-ident",
]

[[package]]
name = "quote"
version = "1.0.40"
source = "registry+https://github.com/rust-lang/crates.io-index"
checksum = "1885c039570dc00dcb4ff087a89e185fd56bae234ddc7f056a945bf36467248d"
dependencies = [
 "proc-macro2",
]

[[package]]
name = "same-file"
version = "1.0.6"
source = "registry+https://github.com/rust-lang/crates.io-index"
checksum = "93fc1dc3aaa9bfed95e02e6eadabb4baf7e3078b0bd1b4d7b6b0b68378900502"
dependencies = [
 "winapi-util",
]

[[package]]
name = "serde"
version = "1.0.219"
source = "registry+https://github.com/rust-lang/crates.io-index"
checksum = "5f0e2c6ed6606019b4e29e69dbaba95b11854410e5347d525002456dbbb786b6"
dependencies = [
 "serde_derive",
]

[[package]]
name = "serde_derive"
version = "1.0.219"
source = "registry+https://github.com/rust-lang/crates.io-index"
checksum = "5b0276cf7f2c73365f7157c8123c21cd9a50fbbd844757af28ca1f5925fc2a00"
dependencies = [
 "proc-macro2",
 "quote",
 "syn",
]

[[package]]
name = "serde_spanned"
version = "1.0.0"
source = "registry+https://github.com/rust-lang/crates.io-index"
checksum = "40734c41988f7306bb04f0ecf60ec0f3f1caa34290e4e8ea471dcd3346483b83"
dependencies = [
 "serde",
]

[[package]]
name = "shlex"
version = "1.3.0"
source = "registry+https://github.com/rust-lang/crates.io-index"
checksum = "0fda2ff0d084019ba4d7c6f371c95d8fd75ce3524c3cb8fb653a3023f6323e64"

[[package]]
name = "syn"
version = "2.0.106"
source = "registry+https://github.com/rust-lang/crates.io-index"
checksum = "ede7c438028d4436d71104916910f5bb611972c5cfd7f89b8300a8186e6fada6"
dependencies = [
 "proc-macro2",
 "quote",
 "unicode-ident",
]

[[package]]
name = "time_collector"
version = "0.1.0"
dependencies = [
 "boost_fusion",
 "boost_phoenix",
 "boost_spirit",
 "zanbil-build",
]

[[package]]
name = "toml"
version = "0.9.5"
source = "registry+https://github.com/rust-lang/crates.io-index"
checksum = "75129e1dc5000bfbaa9fee9d1b21f974f9fbad9daec557a521ee6e080825f6e8"
dependencies = [
 "indexmap",
 "serde",
 "serde_spanned",
 "toml_datetime",
 "toml_parser",
 "toml_writer",
 "winnow",
]

[[package]]
name = "toml_datetime"
version = "0.7.0"
source = "registry+https://github.com/rust-lang/crates.io-index"
checksum = "bade1c3e902f58d73d3f294cd7f20391c1cb2fbcb643b73566bc773971df91e3"
dependencies = [
 "serde",
]

[[package]]
name = "toml_parser"
version = "1.0.2"
source = "registry+https://github.com/rust-lang/crates.io-index"
checksum = "b551886f449aa90d4fe2bdaa9f4a2577ad2dde302c61ecf262d80b116db95c10"
dependencies = [
 "winnow",
]

[[package]]
name = "toml_writer"
version = "1.0.2"
source = "registry+https://github.com/rust-lang/crates.io-index"
checksum = "fcc842091f2def52017664b53082ecbbeb5c7731092bad69d2c63050401dfd64"

[[package]]
name = "unicode-ident"
version = "1.0.18"
source = "registry+https://github.com/rust-lang/crates.io-index"
checksum = "5a5f39404a5da50712a4c1eecf25e90dd62b613502b7e925fd4e4d19b5c96512"

[[package]]
name = "walkdir"
version = "2.5.0"
source = "registry+https://github.com/rust-lang/crates.io-index"
checksum = "29790946404f91d9c5d06f9874efddea1dc06c5efe94541a7d6863108e3a5e4b"
dependencies = [
 "same-file",
 "winapi-util",
]

[[package]]
name = "winapi-util"
version = "0.1.10"
source = "registry+https://github.com/rust-lang/crates.io-index"
checksum = "0978bf7171b3d90bac376700cb56d606feb40f251a475a5d6634613564460b22"
dependencies = [
 "windows-sys",
]

[[package]]
name = "windows-link"
version = "0.1.3"
source = "registry+https://github.com/rust-lang/crates.io-index"
checksum = "5e6ad25900d524eaabdbbb96d20b4311e1e7ae1699af4fb28c17ae66c80d798a"

[[package]]
name = "windows-sys"
version = "0.60.2"
source = "registry+https://github.com/rust-lang/crates.io-index"
checksum = "f2f500e4d28234f72040990ec9d39e3a6b950f9f22d3dba18416c35882612bcb"
dependencies = [
 "windows-targets",
]

[[package]]
name = "windows-targets"
version = "0.53.3"
source = "registry+https://github.com/rust-lang/crates.io-index"
checksum = "d5fe6031c4041849d7c496a8ded650796e7b6ecc19df1a431c1a363342e5dc91"
dependencies = [
 "windows-link",
 "windows_aarch64_gnullvm",
 "windows_aarch64_msvc",
 "windows_i686_gnu",
 "windows_i686_gnullvm",
 "windows_i686_msvc",
 "windows_x86_64_gnu",
 "windows_x86_64_gnullvm",
 "windows_x86_64_msvc",
]

[[package]]
name = "windows_aarch64_gnullvm"
version = "0.53.0"
source = "registry+https://github.com/rust-lang/crates.io-index"
checksum = "86b8d5f90ddd19cb4a147a5fa63ca848db3df085e25fee3cc10b39b6eebae764"

[[package]]
name = "windows_aarch64_msvc"
version = "0.53.0"
source = "registry+https://github.com/rust-lang/crates.io-index"
checksum = "c7651a1f62a11b8cbd5e0d42526e55f2c99886c77e007179efff86c2b137e66c"

[[package]]
name = "windows_i686_gnu"
version = "0.53.0"
source = "registry+https://github.com/rust-lang/crates.io-index"
checksum = "c1dc67659d35f387f5f6c479dc4e28f1d4bb90ddd1a5d3da2e5d97b42d6272c3"

[[package]]
name = "windows_i686_gnullvm"
version = "0.53.0"
source = "registry+https://github.com/rust-lang/crates.io-index"
checksum = "9ce6ccbdedbf6d6354471319e781c0dfef054c81fbc7cf83f338a4296c0cae11"

[[package]]
name = "windows_i686_msvc"
version = "0.53.0"
source = "registry+https://github.com/rust-lang/crates.io-index"
checksum = "581fee95406bb13382d2f65cd4a908ca7b1e4c2f1917f143ba16efe98a589b5d"

[[package]]
name = "windows_x86_64_gnu"
version = "0.53.0"
source = "registry+https://github.com/rust-lang/crates.io-index"
checksum = "2e55b5ac9ea33f2fc1716d1742db15574fd6fc8dadc51caab1c16a3d3b4190ba"

[[package]]
name = "windows_x86_64_gnullvm"
version = "0.53.0"
source = "registry+https://github.com/rust-lang/crates.io-index"
checksum = "0a6e035dd0599267ce1ee132e51c27dd29437f63325753051e71dd9e42406c57"

[[package]]
name = "windows_x86_64_msvc"
version = "0.53.0"
source = "registry+https://github.com/rust-lang/crates.io-index"
checksum = "271414315aff87387382ec3d271b52d7ae78726f5d44ac98b4f4030c91880486"

[[package]]
name = "winnow"
version = "0.7.13"
source = "registry+https://github.com/rust-lang/crates.io-index"
checksum = "21a0236b59786fed61e2a80582dd500fe61f18b5dca67a4a067d0bc9039339cf"

[[package]]
name = "zanbil-boost-build"
version = "0.1.0"
source = "registry+https://github.com/rust-lang/crates.io-index"
checksum = "f8af44d95205c913f235267e5f479a60c09a54c77829e6a39e3b371532286d9d"
dependencies = [
 "build-rs",
 "fs_extra",
 "zanbil-build",
]

[[package]]
name = "zanbil-build"
version = "0.0.1"
source = "registry+https://github.com/rust-lang/crates.io-index"
checksum = "f3c0262e2c11d30974fd3f18ad9954d014580294abdf7fc0951c05a8a42e5699"
dependencies = [
 "base64",
 "build-rs",
 "cc",
 "fs_extra",
 "serde",
 "toml",
 "walkdir",
]
